github.com/ZhenShuo2021/hugo-yore v0.1.0 h1:oyRdJdzNTam9ueQ02+C09krkf4ygZgWjklp6lgeTO3k=
github.com/ZhenShuo2021/hugo-yore v0.1.0/go.mod h1:nOSFrsRRrkTv1WWA7Tp1NiiJe9wGyEdeEA2AuTa28M4=
github.com/ZhenShuo2021/hugo-yore v0.1.1 h1:xqR5HpNjKsyxIz/g6SCBDUYuiqejmHM7CiS1QY58fAA=
github.com/ZhenShuo2021/hugo-yore v0.1.1/go.mod h1:nOSFrsRRrkTv1WWA7Tp1NiiJe9wGyEdeEA2AuTa28M4=
